
Microsoft Visual Studio Solution File, Format Version 12.00
# Visual Studio Version 16
VisualStudioVersion = 16.0.30114.105
MinimumVisualStudioVersion = 10.0.40219.1
Project("{9A19103F-16F7-4668-BE54-9A1E7A4F7556}") = "Homeworks", "Homeworks\Homeworks.csproj", "{5034DC1C-AE70-4189-A130-AFC351D0933F}"
EndProject
Project("{9A19103F-16F7-4668-BE54-9A1E7A4F7556}") = "Client", "Client\Client.csproj", "{52E634DF-E18F-466C-A902-787A4B57041A}"
EndProject
Project("{FAE04EC0-301F-11D3-BF4B-00C04F79EFBC}") = "MyDB", "MyDB\MyDB.csproj", "{AB1195B1-7BAC-433E-93A0-50ED4FE20EF1}"
EndProject
Global
	GlobalSection(SolutionConfigurationPlatforms) = preSolution
		Debug|Any CPU = Debug|Any CPU
		Release|Any CPU = Release|Any CPU
	EndGlobalSection
	GlobalSection(ProjectConfigurationPlatforms) = postSolution
		{5034DC1C-AE70-4189-A130-AFC351D0933F}.Debug|Any CPU.ActiveCfg = Debug|Any CPU
		{5034DC1C-AE70-4189-A130-AFC351D0933F}.Debug|Any CPU.Build.0 = Debug|Any CPU
		{5034DC1C-AE70-4189-A130-AFC351D0933F}.Release|Any CPU.ActiveCfg = Release|Any CPU
		{5034DC1C-AE70-4189-A130-AFC351D0933F}.Release|Any CPU.Build.0 = Release|Any CPU
		{52E634DF-E18F-466C-A902-787A4B57041A}.Debug|Any CPU.ActiveCfg = Debug|Any CPU
		{52E634DF-E18F-466C-A902-787A4B57041A}.Debug|Any CPU.Build.0 = Debug|Any CPU
		{52E634DF-E18F-466C-A902-787A4B57041A}.Release|Any CPU.ActiveCfg = Release|Any CPU
		{52E634DF-E18F-466C-A902-787A4B57041A}.Release|Any CPU.Build.0 = Release|Any CPU
		{AB1195B1-7BAC-433E-93A0-50ED4FE20EF1}.Debug|Any CPU.ActiveCfg = Debug|Any CPU
		{AB1195B1-7BAC-433E-93A0-50ED4FE20EF1}.Debug|Any CPU.Build.0 = Debug|Any CPU
		{AB1195B1-7BAC-433E-93A0-50ED4FE20EF1}.Release|Any CPU.ActiveCfg = Release|Any CPU
		{AB1195B1-7BAC-433E-93A0-50ED4FE20EF1}.Release|Any CPU.Build.0 = Release|Any CPU
	EndGlobalSection
	GlobalSection(SolutionProperties) = preSolution
		HideSolutionNode = FALSE
	EndGlobalSection
	GlobalSection(ExtensibilityGlobals) = postSolution
		SolutionGuid = {2EA67FAF-CE28-4789-BC3E-ADFF0B7AD2FB}
	EndGlobalSection
EndGlobal
